
Microsoft Visual Studio Solution File, Format Version 12.00
# Visual Studio Version 16
VisualStudioVersion = 16.0.29613.14
MinimumVisualStudioVersion = 10.0.40219.1
Project("{FAE04EC0-301F-11D3-BF4B-00C04F79EFBC}") = "ISRPO_Cherednichenko_PR9", "ISRPO_Cherednichenko_PR9.csproj", "{AF99BC05-D377-485B-9939-D686814B4761}"
EndProject
Global
	GlobalSection(SolutionConfigurationPlatforms) = preSolution
		Debug|Any CPU = Debug|Any CPU
		Release|Any CPU = Release|Any CPU
	EndGlobalSection
	GlobalSection(ProjectConfigurationPlatforms) = postSolution
		{AF99BC05-D377-485B-9939-D686814B4761}.Debug|Any CPU.ActiveCfg = Debug|Any CPU
		{AF99BC05-D377-485B-9939-D686814B4761}.Debug|Any CPU.Build.0 = Debug|Any CPU
		{AF99BC05-D377-485B-9939-D686814B4761}.Release|Any CPU.ActiveCfg = Release|Any CPU
		{AF99BC05-D377-485B-9939-D686814B4761}.Release|Any CPU.Build.0 = Release|Any CPU
	EndGlobalSection
	GlobalSection(SolutionProperties) = preSolution
		HideSolutionNode = FALSE
	EndGlobalSection
	GlobalSection(ExtensibilityGlobals) = postSolution
		SolutionGuid = {18A0DC77-8B87-4FE7-943A-33B5195B8F97}
	EndGlobalSection
EndGlobal
